// !$*UTF8*$!
{
	archiveVersion = 1;
	classes = {
	};
	objectVersion = 48;
	objects = {

/* Begin PBXBuildFile section */
		5B5E78DB1FA631BE0050425D /* AppDelegate.swift in Sources */ = {isa = PBXBuildFile; fileRef = 5B5E78DA1FA631BE0050425D /* AppDelegate.swift */; };
		5B5E78DD1FA631BE0050425D /* ViewController.swift in Sources */ = {isa = PBXBuildFile; fileRef = 5B5E78DC1FA631BE0050425D /* ViewController.swift */; };
		5B5E78E01FA631BE0050425D /* Main.storyboard in Resources */ = {isa = PBXBuildFile; fileRef = 5B5E78DE1FA631BE0050425D /* Main.storyboard */; };
		5B5E78E21FA631BE0050425D /* Assets.xcassets in Resources */ = {isa = PBXBuildFile; fileRef = 5B5E78E11FA631BE0050425D /* Assets.xcassets */; };
		5B5E78E51FA631BE0050425D /* LaunchScreen.storyboard in Resources */ = {isa = PBXBuildFile; fileRef = 5B5E78E31FA631BE0050425D /* LaunchScreen.storyboard */; };
		5B5E78FB1FA631BE0050425D /* FMSimpsonsFanClubUITests.swift in Sources */ = {isa = PBXBuildFile; fileRef = 5B5E78FA1FA631BE0050425D /* FMSimpsonsFanClubUITests.swift */; };
		5B5E790B1FA63E6B0050425D /* Webservice.swift in Sources */ = {isa = PBXBuildFile; fileRef = 5B5E790A1FA63E6B0050425D /* Webservice.swift */; };
		5B5E790E1FA63F840050425D /* CharacterJsonModel.swift in Sources */ = {isa = PBXBuildFile; fileRef = 5B5E790D1FA63F840050425D /* CharacterJsonModel.swift */; };
		5B5E790F1FA63F840050425D /* CharacterJsonModel.swift in Sources */ = {isa = PBXBuildFile; fileRef = 5B5E790D1FA63F840050425D /* CharacterJsonModel.swift */; };
		5B5E79111FA640180050425D /* WebserviceTests.swift in Sources */ = {isa = PBXBuildFile; fileRef = 5B5E79101FA640180050425D /* WebserviceTests.swift */; };
		5B5E79161FA641CD0050425D /* characters.json in Resources */ = {isa = PBXBuildFile; fileRef = 5B5E79151FA641CD0050425D /* characters.json */; };
		5B5E79191FA645710050425D /* Webservice.swift in Sources */ = {isa = PBXBuildFile; fileRef = 5B5E790A1FA63E6B0050425D /* Webservice.swift */; };
		5B5E791B1FA65D2A0050425D /* character_info.json in Resources */ = {isa = PBXBuildFile; fileRef = 5B5E791A1FA65D2A0050425D /* character_info.json */; };
		5B5E791D1FA67BAD0050425D /* invalid.json in Resources */ = {isa = PBXBuildFile; fileRef = 5B5E791C1FA67BAD0050425D /* invalid.json */; };
		5B5E791F1FA684620050425D /* PhraseJsonModel.swift in Sources */ = {isa = PBXBuildFile; fileRef = 5B5E791E1FA684620050425D /* PhraseJsonModel.swift */; };
		5B5E79201FA684620050425D /* PhraseJsonModel.swift in Sources */ = {isa = PBXBuildFile; fileRef = 5B5E791E1FA684620050425D /* PhraseJsonModel.swift */; };
		5B5E79231FA686B30050425D /* phrases.json in Resources */ = {isa = PBXBuildFile; fileRef = 5B5E79211FA686B30050425D /* phrases.json */; };
		5B933DBA1FA69193000DE348 /* SavedJsonModel.swift in Sources */ = {isa = PBXBuildFile; fileRef = 5B933DB91FA69193000DE348 /* SavedJsonModel.swift */; };
		5B933DBB1FA69193000DE348 /* SavedJsonModel.swift in Sources */ = {isa = PBXBuildFile; fileRef = 5B933DB91FA69193000DE348 /* SavedJsonModel.swift */; };
		5B933DBD1FA6923C000DE348 /* phrase_saved.json in Resources */ = {isa = PBXBuildFile; fileRef = 5B933DBC1FA6923C000DE348 /* phrase_saved.json */; };
		97B41E217F8F88EE2B047109 /* Pods_FMSimpsonsFanClubUITests.framework in Frameworks */ = {isa = PBXBuildFile; fileRef = 381D89B8537A389BDAF6F6B4 /* Pods_FMSimpsonsFanClubUITests.framework */; };
		9CF88377606B156E4FF1A438 /* Pods_FMSimpsonsFanClub.framework in Frameworks */ = {isa = PBXBuildFile; fileRef = D0A395CFA18F81A98D3970D8 /* Pods_FMSimpsonsFanClub.framework */; };
		B412822A33400A1BD526FC2C /* Pods_FMSimpsonsFanClubTests.framework in Frameworks */ = {isa = PBXBuildFile; fileRef = 8FCEA5ADC8B27B2394CEA101 /* Pods_FMSimpsonsFanClubTests.framework */; };
/* End PBXBuildFile section */

/* Begin PBXContainerItemProxy section */
		5B5E78EC1FA631BE0050425D /* PBXContainerItemProxy */ = {
			isa = PBXContainerItemProxy;
			containerPortal = 5B5E78CF1FA631BE0050425D /* Project object */;
			proxyType = 1;
			remoteGlobalIDString = 5B5E78D61FA631BE0050425D;
			remoteInfo = FMSimpsonsFanClub;
		};
		5B5E78F71FA631BE0050425D /* PBXContainerItemProxy */ = {
			isa = PBXContainerItemProxy;
			containerPortal = 5B5E78CF1FA631BE0050425D /* Project object */;
			proxyType = 1;
			remoteGlobalIDString = 5B5E78D61FA631BE0050425D;
			remoteInfo = FMSimpsonsFanClub;
		};
/* End PBXContainerItemProxy section */

/* Begin PBXFileReference section */
		012250D617DECB8466F3A482 /* Pods-FMSimpsonsFanClubUITests.debug.xcconfig */ = {isa = PBXFileReference; includeInIndex = 1; lastKnownFileType = text.xcconfig; name = "Pods-FMSimpsonsFanClubUITests.debug.xcconfig"; path = "Pods/Target Support Files/Pods-FMSimpsonsFanClubUITests/Pods-FMSimpsonsFanClubUITests.debug.xcconfig"; sourceTree = "<group>"; };
		018AB0476EBA0A940E73C59F /* Pods-FMSimpsonsFanClubUITests.release.xcconfig */ = {isa = PBXFileReference; includeInIndex = 1; lastKnownFileType = text.xcconfig; name = "Pods-FMSimpsonsFanClubUITests.release.xcconfig"; path = "Pods/Target Support Files/Pods-FMSimpsonsFanClubUITests/Pods-FMSimpsonsFanClubUITests.release.xcconfig"; sourceTree = "<group>"; };
		381D89B8537A389BDAF6F6B4 /* Pods_FMSimpsonsFanClubUITests.framework */ = {isa = PBXFileReference; explicitFileType = wrapper.framework; includeInIndex = 0; path = Pods_FMSimpsonsFanClubUITests.framework; sourceTree = BUILT_PRODUCTS_DIR; };
		50C15A693FBA1CB6522AA4A4 /* Pods-FMSimpsonsFanClub.release.xcconfig */ = {isa = PBXFileReference; includeInIndex = 1; lastKnownFileType = text.xcconfig; name = "Pods-FMSimpsonsFanClub.release.xcconfig"; path = "Pods/Target Support Files/Pods-FMSimpsonsFanClub/Pods-FMSimpsonsFanClub.release.xcconfig"; sourceTree = "<group>"; };
		5B5E78D71FA631BE0050425D /* FMSimpsonsFanClub.app */ = {isa = PBXFileReference; explicitFileType = wrapper.application; includeInIndex = 0; path = FMSimpsonsFanClub.app; sourceTree = BUILT_PRODUCTS_DIR; };
		5B5E78DA1FA631BE0050425D /* AppDelegate.swift */ = {isa = PBXFileReference; lastKnownFileType = sourcecode.swift; path = AppDelegate.swift; sourceTree = "<group>"; };
		5B5E78DC1FA631BE0050425D /* ViewController.swift */ = {isa = PBXFileReference; lastKnownFileType = sourcecode.swift; path = ViewController.swift; sourceTree = "<group>"; };
		5B5E78DF1FA631BE0050425D /* Base */ = {isa = PBXFileReference; lastKnownFileType = file.storyboard; name = Base; path = Base.lproj/Main.storyboard; sourceTree = "<group>"; };
		5B5E78E11FA631BE0050425D /* Assets.xcassets */ = {isa = PBXFileReference; lastKnownFileType = folder.assetcatalog; path = Assets.xcassets; sourceTree = "<group>"; };
		5B5E78E41FA631BE0050425D /* Base */ = {isa = PBXFileReference; lastKnownFileType = file.storyboard; name = Base; path = Base.lproj/LaunchScreen.storyboard; sourceTree = "<group>"; };
		5B5E78E61FA631BE0050425D /* Info.plist */ = {isa = PBXFileReference; lastKnownFileType = text.plist.xml; path = Info.plist; sourceTree = "<group>"; };
		5B5E78EB1FA631BE0050425D /* FMSimpsonsFanClubTests.xctest */ = {isa = PBXFileReference; explicitFileType = wrapper.cfbundle; includeInIndex = 0; path = FMSimpsonsFanClubTests.xctest; sourceTree = BUILT_PRODUCTS_DIR; };
		5B5E78F11FA631BE0050425D /* Info.plist */ = {isa = PBXFileReference; lastKnownFileType = text.plist.xml; path = Info.plist; sourceTree = "<group>"; };
		5B5E78F61FA631BE0050425D /* FMSimpsonsFanClubUITests.xctest */ = {isa = PBXFileReference; explicitFileType = wrapper.cfbundle; includeInIndex = 0; path = FMSimpsonsFanClubUITests.xctest; sourceTree = BUILT_PRODUCTS_DIR; };
		5B5E78FA1FA631BE0050425D /* FMSimpsonsFanClubUITests.swift */ = {isa = PBXFileReference; lastKnownFileType = sourcecode.swift; path = FMSimpsonsFanClubUITests.swift; sourceTree = "<group>"; };
		5B5E78FC1FA631BE0050425D /* Info.plist */ = {isa = PBXFileReference; lastKnownFileType = text.plist.xml; path = Info.plist; sourceTree = "<group>"; };
		5B5E790A1FA63E6B0050425D /* Webservice.swift */ = {isa = PBXFileReference; lastKnownFileType = sourcecode.swift; path = Webservice.swift; sourceTree = "<group>"; };
		5B5E790D1FA63F840050425D /* CharacterJsonModel.swift */ = {isa = PBXFileReference; lastKnownFileType = sourcecode.swift; path = CharacterJsonModel.swift; sourceTree = "<group>"; };
		5B5E79101FA640180050425D /* WebserviceTests.swift */ = {isa = PBXFileReference; lastKnownFileType = sourcecode.swift; path = WebserviceTests.swift; sourceTree = "<group>"; };
		5B5E79151FA641CD0050425D /* characters.json */ = {isa = PBXFileReference; lastKnownFileType = text.json; path = characters.json; sourceTree = "<group>"; };
		5B5E791A1FA65D2A0050425D /* character_info.json */ = {isa = PBXFileReference; lastKnownFileType = text.json; path = character_info.json; sourceTree = "<group>"; };
		5B5E791C1FA67BAD0050425D /* invalid.json */ = {isa = PBXFileReference; lastKnownFileType = text.json; path = invalid.json; sourceTree = "<group>"; };
		5B5E791E1FA684620050425D /* PhraseJsonModel.swift */ = {isa = PBXFileReference; lastKnownFileType = sourcecode.swift; path = PhraseJsonModel.swift; sourceTree = "<group>"; };
		5B5E79211FA686B30050425D /* phrases.json */ = {isa = PBXFileReference; lastKnownFileType = text.json; path = phrases.json; sourceTree = "<group>"; };
		5B933DB91FA69193000DE348 /* SavedJsonModel.swift */ = {isa = PBXFileReference; lastKnownFileType = sourcecode.swift; path = SavedJsonModel.swift; sourceTree = "<group>"; };
		5B933DBC1FA6923C000DE348 /* phrase_saved.json */ = {isa = PBXFileReference; lastKnownFileType = text.json; path = phrase_saved.json; sourceTree = "<group>"; };
		84533D6D991CDA28C0B85EDF /* Pods-FMSimpsonsFanClub.debug.xcconfig */ = {isa = PBXFileReference; includeInIndex = 1; lastKnownFileType = text.xcconfig; name = "Pods-FMSimpsonsFanClub.debug.xcconfig"; path = "Pods/Target Support Files/Pods-FMSimpsonsFanClub/Pods-FMSimpsonsFanClub.debug.xcconfig"; sourceTree = "<group>"; };
		8FCEA5ADC8B27B2394CEA101 /* Pods_FMSimpsonsFanClubTests.framework */ = {isa = PBXFileReference; explicitFileType = wrapper.framework; includeInIndex = 0; path = Pods_FMSimpsonsFanClubTests.framework; sourceTree = BUILT_PRODUCTS_DIR; };
		9FA9E04E6D4694AB94D912C7 /* Pods-FMSimpsonsFanClubTests.release.xcconfig */ = {isa = PBXFileReference; includeInIndex = 1; lastKnownFileType = text.xcconfig; name = "Pods-FMSimpsonsFanClubTests.release.xcconfig"; path = "Pods/Target Support Files/Pods-FMSimpsonsFanClubTests/Pods-FMSimpsonsFanClubTests.release.xcconfig"; sourceTree = "<group>"; };
		D0A395CFA18F81A98D3970D8 /* Pods_FMSimpsonsFanClub.framework */ = {isa = PBXFileReference; explicitFileType = wrapper.framework; includeInIndex = 0; path = Pods_FMSimpsonsFanClub.framework; sourceTree = BUILT_PRODUCTS_DIR; };
		E1440FB60C2B8D6E47034CD5 /* Pods-FMSimpsonsFanClubTests.debug.xcconfig */ = {isa = PBXFileReference; includeInIndex = 1; lastKnownFileType = text.xcconfig; name = "Pods-FMSimpsonsFanClubTests.debug.xcconfig"; path = "Pods/Target Support Files/Pods-FMSimpsonsFanClubTests/Pods-FMSimpsonsFanClubTests.debug.xcconfig"; sourceTree = "<group>"; };
/* End PBXFileReference section */

/* Begin PBXFrameworksBuildPhase section */
		5B5E78D41FA631BE0050425D /* Frameworks */ = {
			isa = PBXFrameworksBuildPhase;
			buildActionMask = 2147483647;
			files = (
				9CF88377606B156E4FF1A438 /* Pods_FMSimpsonsFanClub.framework in Frameworks */,
			);
			runOnlyForDeploymentPostprocessing = 0;
		};
		5B5E78E81FA631BE0050425D /* Frameworks */ = {
			isa = PBXFrameworksBuildPhase;
			buildActionMask = 2147483647;
			files = (
				B412822A33400A1BD526FC2C /* Pods_FMSimpsonsFanClubTests.framework in Frameworks */,
			);
			runOnlyForDeploymentPostprocessing = 0;
		};
		5B5E78F31FA631BE0050425D /* Frameworks */ = {
			isa = PBXFrameworksBuildPhase;
			buildActionMask = 2147483647;
			files = (
				97B41E217F8F88EE2B047109 /* Pods_FMSimpsonsFanClubUITests.framework in Frameworks */,
			);
			runOnlyForDeploymentPostprocessing = 0;
		};
/* End PBXFrameworksBuildPhase section */

/* Begin PBXGroup section */
		5B5E78CE1FA631BE0050425D = {
			isa = PBXGroup;
			children = (
				5B5E78D91FA631BE0050425D /* FMSimpsonsFanClub */,
				5B5E78EE1FA631BE0050425D /* FMSimpsonsFanClubTests */,
				5B5E78F91FA631BE0050425D /* FMSimpsonsFanClubUITests */,
				5B5E78D81FA631BE0050425D /* Products */,
				A2DD89CEA50C81DC6CC0F33A /* Pods */,
				C2F231CA7906144090BA66A4 /* Frameworks */,
			);
			sourceTree = "<group>";
		};
		5B5E78D81FA631BE0050425D /* Products */ = {
			isa = PBXGroup;
			children = (
				5B5E78D71FA631BE0050425D /* FMSimpsonsFanClub.app */,
				5B5E78EB1FA631BE0050425D /* FMSimpsonsFanClubTests.xctest */,
				5B5E78F61FA631BE0050425D /* FMSimpsonsFanClubUITests.xctest */,
			);
			name = Products;
			sourceTree = "<group>";
		};
		5B5E78D91FA631BE0050425D /* FMSimpsonsFanClub */ = {
			isa = PBXGroup;
			children = (
				5B874AB61FA758BE0051CF36 /* ViewControllers */,
				5B5E79081FA63A1B0050425D /* Framework */,
				5B5E78DA1FA631BE0050425D /* AppDelegate.swift */,
				5B5E78DE1FA631BE0050425D /* Main.storyboard */,
				5B5E78E11FA631BE0050425D /* Assets.xcassets */,
				5B5E78E31FA631BE0050425D /* LaunchScreen.storyboard */,
				5B5E78E61FA631BE0050425D /* Info.plist */,
			);
			path = FMSimpsonsFanClub;
			sourceTree = "<group>";
		};
		5B5E78EE1FA631BE0050425D /* FMSimpsonsFanClubTests */ = {
			isa = PBXGroup;
			children = (
				5B5E79121FA6401E0050425D /* Framework */,
				5B5E78F11FA631BE0050425D /* Info.plist */,
			);
			path = FMSimpsonsFanClubTests;
			sourceTree = "<group>";
		};
		5B5E78F91FA631BE0050425D /* FMSimpsonsFanClubUITests */ = {
			isa = PBXGroup;
			children = (
				5B5E78FA1FA631BE0050425D /* FMSimpsonsFanClubUITests.swift */,
				5B5E78FC1FA631BE0050425D /* Info.plist */,
			);
			path = FMSimpsonsFanClubUITests;
			sourceTree = "<group>";
		};
		5B5E79081FA63A1B0050425D /* Framework */ = {
			isa = PBXGroup;
			children = (
				5B5E79091FA63A2A0050425D /* Webservice */,
			);
			path = Framework;
			sourceTree = "<group>";
		};
		5B5E79091FA63A2A0050425D /* Webservice */ = {
			isa = PBXGroup;
			children = (
				5B5E790C1FA63F650050425D /* Models */,
				5B5E790A1FA63E6B0050425D /* Webservice.swift */,
			);
			path = Webservice;
			sourceTree = "<group>";
		};
		5B5E790C1FA63F650050425D /* Models */ = {
			isa = PBXGroup;
			children = (
				5B5E790D1FA63F840050425D /* CharacterJsonModel.swift */,
				5B5E791E1FA684620050425D /* PhraseJsonModel.swift */,
				5B933DB91FA69193000DE348 /* SavedJsonModel.swift */,
			);
			path = Models;
			sourceTree = "<group>";
		};
		5B5E79121FA6401E0050425D /* Framework */ = {
			isa = PBXGroup;
			children = (
				5B5E79131FA640250050425D /* Webservice */,
			);
			path = Framework;
			sourceTree = "<group>";
		};
		5B5E79131FA640250050425D /* Webservice */ = {
			isa = PBXGroup;
			children = (
				5B5E79141FA640940050425D /* stubJsonFiles */,
				5B5E79101FA640180050425D /* WebserviceTests.swift */,
			);
			path = Webservice;
			sourceTree = "<group>";
		};
		5B5E79141FA640940050425D /* stubJsonFiles */ = {
			isa = PBXGroup;
			children = (
				5B5E79151FA641CD0050425D /* characters.json */,
				5B5E791A1FA65D2A0050425D /* character_info.json */,
				5B5E791C1FA67BAD0050425D /* invalid.json */,
				5B5E79211FA686B30050425D /* phrases.json */,
				5B933DBC1FA6923C000DE348 /* phrase_saved.json */,
			);
			path = stubJsonFiles;
			sourceTree = "<group>";
		};
		5B874AB61FA758BE0051CF36 /* ViewControllers */ = {
			isa = PBXGroup;
			children = (
				5B5E78DC1FA631BE0050425D /* ViewController.swift */,
			);
			path = ViewControllers;
			sourceTree = "<group>";
		};
		A2DD89CEA50C81DC6CC0F33A /* Pods */ = {
			isa = PBXGroup;
			children = (
				84533D6D991CDA28C0B85EDF /* Pods-FMSimpsonsFanClub.debug.xcconfig */,
				50C15A693FBA1CB6522AA4A4 /* Pods-FMSimpsonsFanClub.release.xcconfig */,
				E1440FB60C2B8D6E47034CD5 /* Pods-FMSimpsonsFanClubTests.debug.xcconfig */,
				9FA9E04E6D4694AB94D912C7 /* Pods-FMSimpsonsFanClubTests.release.xcconfig */,
				012250D617DECB8466F3A482 /* Pods-FMSimpsonsFanClubUITests.debug.xcconfig */,
				018AB0476EBA0A940E73C59F /* Pods-FMSimpsonsFanClubUITests.release.xcconfig */,
			);
			name = Pods;
			sourceTree = "<group>";
		};
		C2F231CA7906144090BA66A4 /* Frameworks */ = {
			isa = PBXGroup;
			children = (
				D0A395CFA18F81A98D3970D8 /* Pods_FMSimpsonsFanClub.framework */,
				8FCEA5ADC8B27B2394CEA101 /* Pods_FMSimpsonsFanClubTests.framework */,
				381D89B8537A389BDAF6F6B4 /* Pods_FMSimpsonsFanClubUITests.framework */,
			);
			name = Frameworks;
			sourceTree = "<group>";
		};
/* End PBXGroup section */

/* Begin PBXNativeTarget section */
		5B5E78D61FA631BE0050425D /* FMSimpsonsFanClub */ = {
			isa = PBXNativeTarget;
			buildConfigurationList = 5B5E78FF1FA631BE0050425D /* Build configuration list for PBXNativeTarget "FMSimpsonsFanClub" */;
			buildPhases = (
				F6771870B45991205F67E5D9 /* [CP] Check Pods Manifest.lock */,
				5B5E78D31FA631BE0050425D /* Sources */,
				5B5E78D41FA631BE0050425D /* Frameworks */,
				5B5E78D51FA631BE0050425D /* Resources */,
				EB2A68158C519EADE97D9C6F /* [CP] Embed Pods Frameworks */,
				69765A1A4E0DF4F2BB8575F7 /* [CP] Copy Pods Resources */,
			);
			buildRules = (
			);
			dependencies = (
			);
			name = FMSimpsonsFanClub;
			productName = FMSimpsonsFanClub;
			productReference = 5B5E78D71FA631BE0050425D /* FMSimpsonsFanClub.app */;
			productType = "com.apple.product-type.application";
		};
		5B5E78EA1FA631BE0050425D /* FMSimpsonsFanClubTests */ = {
			isa = PBXNativeTarget;
			buildConfigurationList = 5B5E79021FA631BE0050425D /* Build configuration list for PBXNativeTarget "FMSimpsonsFanClubTests" */;
			buildPhases = (
				557E26C0A0C01EF6C7D7A241 /* [CP] Check Pods Manifest.lock */,
				5B5E78E71FA631BE0050425D /* Sources */,
				5B5E78E81FA631BE0050425D /* Frameworks */,
				5B5E78E91FA631BE0050425D /* Resources */,
				EE241143BBFD374133B35F84 /* [CP] Embed Pods Frameworks */,
				EF043FF17A6ECF19442E3FB9 /* [CP] Copy Pods Resources */,
			);
			buildRules = (
			);
			dependencies = (
				5B5E78ED1FA631BE0050425D /* PBXTargetDependency */,
			);
			name = FMSimpsonsFanClubTests;
			productName = FMSimpsonsFanClubTests;
			productReference = 5B5E78EB1FA631BE0050425D /* FMSimpsonsFanClubTests.xctest */;
			productType = "com.apple.product-type.bundle.unit-test";
		};
		5B5E78F51FA631BE0050425D /* FMSimpsonsFanClubUITests */ = {
			isa = PBXNativeTarget;
			buildConfigurationList = 5B5E79051FA631BE0050425D /* Build configuration list for PBXNativeTarget "FMSimpsonsFanClubUITests" */;
			buildPhases = (
				F7735E592139BE0A07C8F9FE /* [CP] Check Pods Manifest.lock */,
				5B5E78F21FA631BE0050425D /* Sources */,
				5B5E78F31FA631BE0050425D /* Frameworks */,
				5B5E78F41FA631BE0050425D /* Resources */,
				7E906750C30DE7C06890DF19 /* [CP] Embed Pods Frameworks */,
				A3DE784DAC1CA926295EAD73 /* [CP] Copy Pods Resources */,
			);
			buildRules = (
			);
			dependencies = (
				5B5E78F81FA631BE0050425D /* PBXTargetDependency */,
			);
			name = FMSimpsonsFanClubUITests;
			productName = FMSimpsonsFanClubUITests;
			productReference = 5B5E78F61FA631BE0050425D /* FMSimpsonsFanClubUITests.xctest */;
			productType = "com.apple.product-type.bundle.ui-testing";
		};
/* End PBXNativeTarget section */

/* Begin PBXProject section */
		5B5E78CF1FA631BE0050425D /* Project object */ = {
			isa = PBXProject;
			attributes = {
				LastSwiftUpdateCheck = 0900;
				LastUpgradeCheck = 0900;
				ORGANIZATIONNAME = "Frantiesco Masutti";
				TargetAttributes = {
					5B5E78D61FA631BE0050425D = {
						CreatedOnToolsVersion = 9.0;
						ProvisioningStyle = Automatic;
					};
					5B5E78EA1FA631BE0050425D = {
						CreatedOnToolsVersion = 9.0;
						ProvisioningStyle = Automatic;
						TestTargetID = 5B5E78D61FA631BE0050425D;
					};
					5B5E78F51FA631BE0050425D = {
						CreatedOnToolsVersion = 9.0;
						ProvisioningStyle = Automatic;
						TestTargetID = 5B5E78D61FA631BE0050425D;
					};
				};
			};
			buildConfigurationList = 5B5E78D21FA631BE0050425D /* Build configuration list for PBXProject "FMSimpsonsFanClub" */;
			compatibilityVersion = "Xcode 8.0";
			developmentRegion = en;
			hasScannedForEncodings = 0;
			knownRegions = (
				en,
				Base,
			);
			mainGroup = 5B5E78CE1FA631BE0050425D;
			productRefGroup = 5B5E78D81FA631BE0050425D /* Products */;
			projectDirPath = "";
			projectRoot = "";
			targets = (
				5B5E78D61FA631BE0050425D /* FMSimpsonsFanClub */,
				5B5E78EA1FA631BE0050425D /* FMSimpsonsFanClubTests */,
				5B5E78F51FA631BE0050425D /* FMSimpsonsFanClubUITests */,
			);
		};
/* End PBXProject section */

/* Begin PBXResourcesBuildPhase section */
		5B5E78D51FA631BE0050425D /* Resources */ = {
			isa = PBXResourcesBuildPhase;
			buildActionMask = 2147483647;
			files = (
				5B5E78E51FA631BE0050425D /* LaunchScreen.storyboard in Resources */,
				5B5E78E21FA631BE0050425D /* Assets.xcassets in Resources */,
				5B5E78E01FA631BE0050425D /* Main.storyboard in Resources */,
			);
			runOnlyForDeploymentPostprocessing = 0;
		};
		5B5E78E91FA631BE0050425D /* Resources */ = {
			isa = PBXResourcesBuildPhase;
			buildActionMask = 2147483647;
			files = (
				5B5E791D1FA67BAD0050425D /* invalid.json in Resources */,
				5B933DBD1FA6923C000DE348 /* phrase_saved.json in Resources */,
				5B5E79231FA686B30050425D /* phrases.json in Resources */,
				5B5E791B1FA65D2A0050425D /* character_info.json in Resources */,
				5B5E79161FA641CD0050425D /* characters.json in Resources */,
			);
			runOnlyForDeploymentPostprocessing = 0;
		};
		5B5E78F41FA631BE0050425D /* Resources */ = {
			isa = PBXResourcesBuildPhase;
			buildActionMask = 2147483647;
			files = (
			);
			runOnlyForDeploymentPostprocessing = 0;
		};
/* End PBXResourcesBuildPhase section */

/* Begin PBXShellScriptBuildPhase section */
		557E26C0A0C01EF6C7D7A241 /* [CP] Check Pods Manifest.lock */ = {
			isa = PBXShellScriptBuildPhase;
			buildActionMask = 2147483647;
			files = (
			);
			inputPaths = (
				"${PODS_PODFILE_DIR_PATH}/Podfile.lock",
				"${PODS_ROOT}/Manifest.lock",
			);
			name = "[CP] Check Pods Manifest.lock";
			outputPaths = (
				"$(DERIVED_FILE_DIR)/Pods-FMSimpsonsFanClubTests-checkManifestLockResult.txt",
			);
			runOnlyForDeploymentPostprocessing = 0;
			shellPath = /bin/sh;
			shellScript = "diff \"${PODS_PODFILE_DIR_PATH}/Podfile.lock\" \"${PODS_ROOT}/Manifest.lock\" > /dev/null\nif [ $? != 0 ] ; then\n    # print error to STDERR\n    echo \"error: The sandbox is not in sync with the Podfile.lock. Run 'pod install' or update your CocoaPods installation.\" >&2\n    exit 1\nfi\n# This output is used by Xcode 'outputs' to avoid re-running this script phase.\necho \"SUCCESS\" > \"${SCRIPT_OUTPUT_FILE_0}\"\n";
			showEnvVarsInLog = 0;
		};
		69765A1A4E0DF4F2BB8575F7 /* [CP] Copy Pods Resources */ = {
			isa = PBXShellScriptBuildPhase;
			buildActionMask = 2147483647;
			files = (
			);
			inputPaths = (
			);
			name = "[CP] Copy Pods Resources";
			outputPaths = (
			);
			runOnlyForDeploymentPostprocessing = 0;
			shellPath = /bin/sh;
			shellScript = "\"${SRCROOT}/Pods/Target Support Files/Pods-FMSimpsonsFanClub/Pods-FMSimpsonsFanClub-resources.sh\"\n";
			showEnvVarsInLog = 0;
		};
		7E906750C30DE7C06890DF19 /* [CP] Embed Pods Frameworks */ = {
			isa = PBXShellScriptBuildPhase;
			buildActionMask = 2147483647;
			files = (
			);
			inputPaths = (
			);
			name = "[CP] Embed Pods Frameworks";
			outputPaths = (
			);
			runOnlyForDeploymentPostprocessing = 0;
			shellPath = /bin/sh;
			shellScript = "\"${SRCROOT}/Pods/Target Support Files/Pods-FMSimpsonsFanClubUITests/Pods-FMSimpsonsFanClubUITests-frameworks.sh\"\n";
			showEnvVarsInLog = 0;
		};
		A3DE784DAC1CA926295EAD73 /* [CP] Copy Pods Resources */ = {
			isa = PBXShellScriptBuildPhase;
			buildActionMask = 2147483647;
			files = (
			);
			inputPaths = (
			);
			name = "[CP] Copy Pods Resources";
			outputPaths = (
			);
			runOnlyForDeploymentPostprocessing = 0;
			shellPath = /bin/sh;
			shellScript = "\"${SRCROOT}/Pods/Target Support Files/Pods-FMSimpsonsFanClubUITests/Pods-FMSimpsonsFanClubUITests-resources.sh\"\n";
			showEnvVarsInLog = 0;
		};
		EB2A68158C519EADE97D9C6F /* [CP] Embed Pods Frameworks */ = {
			isa = PBXShellScriptBuildPhase;
			buildActionMask = 2147483647;
			files = (
			);
			inputPaths = (
				"${SRCROOT}/Pods/Target Support Files/Pods-FMSimpsonsFanClub/Pods-FMSimpsonsFanClub-frameworks.sh",
				"${BUILT_PRODUCTS_DIR}/Alamofire/Alamofire.framework",
			);
			name = "[CP] Embed Pods Frameworks";
			outputPaths = (
				"${TARGET_BUILD_DIR}/${FRAMEWORKS_FOLDER_PATH}/Alamofire.framework",
			);
			runOnlyForDeploymentPostprocessing = 0;
			shellPath = /bin/sh;
			shellScript = "\"${SRCROOT}/Pods/Target Support Files/Pods-FMSimpsonsFanClub/Pods-FMSimpsonsFanClub-frameworks.sh\"\n";
			showEnvVarsInLog = 0;
		};
		EE241143BBFD374133B35F84 /* [CP] Embed Pods Frameworks */ = {
			isa = PBXShellScriptBuildPhase;
			buildActionMask = 2147483647;
			files = (
			);
			inputPaths = (
				"${SRCROOT}/Pods/Target Support Files/Pods-FMSimpsonsFanClubTests/Pods-FMSimpsonsFanClubTests-frameworks.sh",
				"${BUILT_PRODUCTS_DIR}/OHHTTPStubs/OHHTTPStubs.framework",
			);
			name = "[CP] Embed Pods Frameworks";
			outputPaths = (
				"${TARGET_BUILD_DIR}/${FRAMEWORKS_FOLDER_PATH}/OHHTTPStubs.framework",
			);
			runOnlyForDeploymentPostprocessing = 0;
			shellPath = /bin/sh;
			shellScript = "\"${SRCROOT}/Pods/Target Support Files/Pods-FMSimpsonsFanClubTests/Pods-FMSimpsonsFanClubTests-frameworks.sh\"\n";
			showEnvVarsInLog = 0;
		};
		EF043FF17A6ECF19442E3FB9 /* [CP] Copy Pods Resources */ = {
			isa = PBXShellScriptBuildPhase;
			buildActionMask = 2147483647;
			files = (
			);
			inputPaths = (
			);
			name = "[CP] Copy Pods Resources";
			outputPaths = (
			);
			runOnlyForDeploymentPostprocessing = 0;
			shellPath = /bin/sh;
			shellScript = "\"${SRCROOT}/Pods/Target Support Files/Pods-FMSimpsonsFanClubTests/Pods-FMSimpsonsFanClubTests-resources.sh\"\n";
			showEnvVarsInLog = 0;
		};
		F6771870B45991205F67E5D9 /* [CP] Check Pods Manifest.lock */ = {
			isa = PBXShellScriptBuildPhase;
			buildActionMask = 2147483647;
			files = (
			);
			inputPaths = (
				"${PODS_PODFILE_DIR_PATH}/Podfile.lock",
				"${PODS_ROOT}/Manifest.lock",
			);
			name = "[CP] Check Pods Manifest.lock";
			outputPaths = (
				"$(DERIVED_FILE_DIR)/Pods-FMSimpsonsFanClub-checkManifestLockResult.txt",
			);
			runOnlyForDeploymentPostprocessing = 0;
			shellPath = /bin/sh;
			shellScript = "diff \"${PODS_PODFILE_DIR_PATH}/Podfile.lock\" \"${PODS_ROOT}/Manifest.lock\" > /dev/null\nif [ $? != 0 ] ; then\n    # print error to STDERR\n    echo \"error: The sandbox is not in sync with the Podfile.lock. Run 'pod install' or update your CocoaPods installation.\" >&2\n    exit 1\nfi\n# This output is used by Xcode 'outputs' to avoid re-running this script phase.\necho \"SUCCESS\" > \"${SCRIPT_OUTPUT_FILE_0}\"\n";
			showEnvVarsInLog = 0;
		};
		F7735E592139BE0A07C8F9FE /* [CP] Check Pods Manifest.lock */ = {
			isa = PBXShellScriptBuildPhase;
			buildActionMask = 2147483647;
			files = (
			);
			inputPaths = (
				"${PODS_PODFILE_DIR_PATH}/Podfile.lock",
				"${PODS_ROOT}/Manifest.lock",
			);
			name = "[CP] Check Pods Manifest.lock";
			outputPaths = (
				"$(DERIVED_FILE_DIR)/Pods-FMSimpsonsFanClubUITests-checkManifestLockResult.txt",
			);
			runOnlyForDeploymentPostprocessing = 0;
			shellPath = /bin/sh;
			shellScript = "diff \"${PODS_PODFILE_DIR_PATH}/Podfile.lock\" \"${PODS_ROOT}/Manifest.lock\" > /dev/null\nif [ $? != 0 ] ; then\n    # print error to STDERR\n    echo \"error: The sandbox is not in sync with the Podfile.lock. Run 'pod install' or update your CocoaPods installation.\" >&2\n    exit 1\nfi\n# This output is used by Xcode 'outputs' to avoid re-running this script phase.\necho \"SUCCESS\" > \"${SCRIPT_OUTPUT_FILE_0}\"\n";
			showEnvVarsInLog = 0;
		};
/* End PBXShellScriptBuildPhase section */

/* Begin PBXSourcesBuildPhase section */
		5B5E78D31FA631BE0050425D /* Sources */ = {
			isa = PBXSourcesBuildPhase;
			buildActionMask = 2147483647;
			files = (
				5B5E78DD1FA631BE0050425D /* ViewController.swift in Sources */,
				5B5E78DB1FA631BE0050425D /* AppDelegate.swift in Sources */,
				5B5E790B1FA63E6B0050425D /* Webservice.swift in Sources */,
				5B933DBA1FA69193000DE348 /* SavedJsonModel.swift in Sources */,
				5B5E791F1FA684620050425D /* PhraseJsonModel.swift in Sources */,
				5B5E790E1FA63F840050425D /* CharacterJsonModel.swift in Sources */,
			);
			runOnlyForDeploymentPostprocessing = 0;
		};
		5B5E78E71FA631BE0050425D /* Sources */ = {
			isa = PBXSourcesBuildPhase;
			buildActionMask = 2147483647;
			files = (
				5B5E79111FA640180050425D /* WebserviceTests.swift in Sources */,
				5B5E79191FA645710050425D /* Webservice.swift in Sources */,
				5B5E79201FA684620050425D /* PhraseJsonModel.swift in Sources */,
				5B933DBB1FA69193000DE348 /* SavedJsonModel.swift in Sources */,
				5B5E790F1FA63F840050425D /* CharacterJsonModel.swift in Sources */,
			);
			runOnlyForDeploymentPostprocessing = 0;
		};
		5B5E78F21FA631BE0050425D /* Sources */ = {
			isa = PBXSourcesBuildPhase;
			buildActionMask = 2147483647;
			files = (
				5B5E78FB1FA631BE0050425D /* FMSimpsonsFanClubUITests.swift in Sources */,
			);
			runOnlyForDeploymentPostprocessing = 0;
		};
/* End PBXSourcesBuildPhase section */

/* Begin PBXTargetDependency section */
		5B5E78ED1FA631BE0050425D /* PBXTargetDependency */ = {
			isa = PBXTargetDependency;
			target = 5B5E78D61FA631BE0050425D /* FMSimpsonsFanClub */;
			targetProxy = 5B5E78EC1FA631BE0050425D /* PBXContainerItemProxy */;
		};
		5B5E78F81FA631BE0050425D /* PBXTargetDependency */ = {
			isa = PBXTargetDependency;
			target = 5B5E78D61FA631BE0050425D /* FMSimpsonsFanClub */;
			targetProxy = 5B5E78F71FA631BE0050425D /* PBXContainerItemProxy */;
		};
/* End PBXTargetDependency section */

/* Begin PBXVariantGroup section */
		5B5E78DE1FA631BE0050425D /* Main.storyboard */ = {
			isa = PBXVariantGroup;
			children = (
				5B5E78DF1FA631BE0050425D /* Base */,
			);
			name = Main.storyboard;
			sourceTree = "<group>";
		};
		5B5E78E31FA631BE0050425D /* LaunchScreen.storyboard */ = {
			isa = PBXVariantGroup;
			children = (
				5B5E78E41FA631BE0050425D /* Base */,
			);
			name = LaunchScreen.storyboard;
			sourceTree = "<group>";
		};
/* End PBXVariantGroup section */

/* Begin XCBuildConfiguration section */
		5B5E78FD1FA631BE0050425D /* Debug */ = {
			isa = XCBuildConfiguration;
			buildSettings = {
				ALWAYS_SEARCH_USER_PATHS = NO;
				CLANG_ANALYZER_NONNULL = YES;
				CLANG_ANALYZER_NUMBER_OBJECT_CONVERSION = YES_AGGRESSIVE;
				CLANG_CXX_LANGUAGE_STANDARD = "gnu++14";
				CLANG_CXX_LIBRARY = "libc++";
				CLANG_ENABLE_MODULES = YES;
				CLANG_ENABLE_OBJC_ARC = YES;
				CLANG_WARN_BLOCK_CAPTURE_AUTORELEASING = YES;
				CLANG_WARN_BOOL_CONVERSION = YES;
				CLANG_WARN_COMMA = YES;
				CLANG_WARN_CONSTANT_CONVERSION = YES;
				CLANG_WARN_DIRECT_OBJC_ISA_USAGE = YES_ERROR;
				CLANG_WARN_DOCUMENTATION_COMMENTS = YES;
				CLANG_WARN_EMPTY_BODY = YES;
				CLANG_WARN_ENUM_CONVERSION = YES;
				CLANG_WARN_INFINITE_RECURSION = YES;
				CLANG_WARN_INT_CONVERSION = YES;
				CLANG_WARN_NON_LITERAL_NULL_CONVERSION = YES;
				CLANG_WARN_OBJC_LITERAL_CONVERSION = YES;
				CLANG_WARN_OBJC_ROOT_CLASS = YES_ERROR;
				CLANG_WARN_RANGE_LOOP_ANALYSIS = YES;
				CLANG_WARN_STRICT_PROTOTYPES = YES;
				CLANG_WARN_SUSPICIOUS_MOVE = YES;
				CLANG_WARN_UNGUARDED_AVAILABILITY = YES_AGGRESSIVE;
				CLANG_WARN_UNREACHABLE_CODE = YES;
				CLANG_WARN__DUPLICATE_METHOD_MATCH = YES;
				CODE_SIGN_IDENTITY = "iPhone Developer";
				COPY_PHASE_STRIP = NO;
				DEBUG_INFORMATION_FORMAT = dwarf;
				ENABLE_STRICT_OBJC_MSGSEND = YES;
				ENABLE_TESTABILITY = YES;
				GCC_C_LANGUAGE_STANDARD = gnu11;
				GCC_DYNAMIC_NO_PIC = NO;
				GCC_NO_COMMON_BLOCKS = YES;
				GCC_OPTIMIZATION_LEVEL = 0;
				GCC_PREPROCESSOR_DEFINITIONS = (
					"DEBUG=1",
					"$(inherited)",
				);
				GCC_WARN_64_TO_32_BIT_CONVERSION = YES;
				GCC_WARN_ABOUT_RETURN_TYPE = YES_ERROR;
				GCC_WARN_UNDECLARED_SELECTOR = YES;
				GCC_WARN_UNINITIALIZED_AUTOS = YES_AGGRESSIVE;
				GCC_WARN_UNUSED_FUNCTION = YES;
				GCC_WARN_UNUSED_VARIABLE = YES;
				IPHONEOS_DEPLOYMENT_TARGET = 11.0;
				MTL_ENABLE_DEBUG_INFO = YES;
				ONLY_ACTIVE_ARCH = YES;
				SDKROOT = iphoneos;
				SWIFT_ACTIVE_COMPILATION_CONDITIONS = DEBUG;
				SWIFT_OPTIMIZATION_LEVEL = "-Onone";
			};
			name = Debug;
		};
		5B5E78FE1FA631BE0050425D /* Release */ = {
			isa = XCBuildConfiguration;
			buildSettings = {
				ALWAYS_SEARCH_USER_PATHS = NO;
				CLANG_ANALYZER_NONNULL = YES;
				CLANG_ANALYZER_NUMBER_OBJECT_CONVERSION = YES_AGGRESSIVE;
				CLANG_CXX_LANGUAGE_STANDARD = "gnu++14";
				CLANG_CXX_LIBRARY = "libc++";
				CLANG_ENABLE_MODULES = YES;
				CLANG_ENABLE_OBJC_ARC = YES;
				CLANG_WARN_BLOCK_CAPTURE_AUTORELEASING = YES;
				CLANG_WARN_BOOL_CONVERSION = YES;
				CLANG_WARN_COMMA = YES;
				CLANG_WARN_CONSTANT_CONVERSION = YES;
				CLANG_WARN_DIRECT_OBJC_ISA_USAGE = YES_ERROR;
				CLANG_WARN_DOCUMENTATION_COMMENTS = YES;
				CLANG_WARN_EMPTY_BODY = YES;
				CLANG_WARN_ENUM_CONVERSION = YES;
				CLANG_WARN_INFINITE_RECURSION = YES;
				CLANG_WARN_INT_CONVERSION = YES;
				CLANG_WARN_NON_LITERAL_NULL_CONVERSION = YES;
				CLANG_WARN_OBJC_LITERAL_CONVERSION = YES;
				CLANG_WARN_OBJC_ROOT_CLASS = YES_ERROR;
				CLANG_WARN_RANGE_LOOP_ANALYSIS = YES;
				CLANG_WARN_STRICT_PROTOTYPES = YES;
				CLANG_WARN_SUSPICIOUS_MOVE = YES;
				CLANG_WARN_UNGUARDED_AVAILABILITY = YES_AGGRESSIVE;
				CLANG_WARN_UNREACHABLE_CODE = YES;
				CLANG_WARN__DUPLICATE_METHOD_MATCH = YES;
				CODE_SIGN_IDENTITY = "iPhone Developer";
				COPY_PHASE_STRIP = NO;
				DEBUG_INFORMATION_FORMAT = "dwarf-with-dsym";
				ENABLE_NS_ASSERTIONS = NO;
				ENABLE_STRICT_OBJC_MSGSEND = YES;
				GCC_C_LANGUAGE_STANDARD = gnu11;
				GCC_NO_COMMON_BLOCKS = YES;
				GCC_WARN_64_TO_32_BIT_CONVERSION = YES;
				GCC_WARN_ABOUT_RETURN_TYPE = YES_ERROR;
				GCC_WARN_UNDECLARED_SELECTOR = YES;
				GCC_WARN_UNINITIALIZED_AUTOS = YES_AGGRESSIVE;
				GCC_WARN_UNUSED_FUNCTION = YES;
				GCC_WARN_UNUSED_VARIABLE = YES;
				IPHONEOS_DEPLOYMENT_TARGET = 11.0;
				MTL_ENABLE_DEBUG_INFO = NO;
				SDKROOT = iphoneos;
				SWIFT_OPTIMIZATION_LEVEL = "-Owholemodule";
				VALIDATE_PRODUCT = YES;
			};
			name = Release;
		};
		5B5E79001FA631BE0050425D /* Debug */ = {
			isa = XCBuildConfiguration;
			baseConfigurationReference = 84533D6D991CDA28C0B85EDF /* Pods-FMSimpsonsFanClub.debug.xcconfig */;
			buildSettings = {
				ASSETCATALOG_COMPILER_APPICON_NAME = AppIcon;
				CODE_SIGN_STYLE = Automatic;
				DEVELOPMENT_TEAM = V89KTJ3L55;
				INFOPLIST_FILE = FMSimpsonsFanClub/Info.plist;
				LD_RUNPATH_SEARCH_PATHS = "$(inherited) @executable_path/Frameworks";
				PRODUCT_BUNDLE_IDENTIFIER = com.coldmass.FMSimpsonsFanClub;
				PRODUCT_NAME = "$(TARGET_NAME)";
				SWIFT_VERSION = 4.0;
				TARGETED_DEVICE_FAMILY = "1,2";
			};
			name = Debug;
		};
		5B5E79011FA631BE0050425D /* Release */ = {
			isa = XCBuildConfiguration;
			baseConfigurationReference = 50C15A693FBA1CB6522AA4A4 /* Pods-FMSimpsonsFanClub.release.xcconfig */;
			buildSettings = {
				ASSETCATALOG_COMPILER_APPICON_NAME = AppIcon;
				CODE_SIGN_STYLE = Automatic;
				DEVELOPMENT_TEAM = V89KTJ3L55;
				INFOPLIST_FILE = FMSimpsonsFanClub/Info.plist;
				LD_RUNPATH_SEARCH_PATHS = "$(inherited) @executable_path/Frameworks";
				PRODUCT_BUNDLE_IDENTIFIER = com.coldmass.FMSimpsonsFanClub;
				PRODUCT_NAME = "$(TARGET_NAME)";
				SWIFT_VERSION = 4.0;
				TARGETED_DEVICE_FAMILY = "1,2";
			};
			name = Release;
		};
		5B5E79031FA631BE0050425D /* Debug */ = {
			isa = XCBuildConfiguration;
			baseConfigurationReference = E1440FB60C2B8D6E47034CD5 /* Pods-FMSimpsonsFanClubTests.debug.xcconfig */;
			buildSettings = {
				BUNDLE_LOADER = "$(TEST_HOST)";
				CODE_SIGN_STYLE = Automatic;
				DEVELOPMENT_TEAM = V89KTJ3L55;
				INFOPLIST_FILE = FMSimpsonsFanClubTests/Info.plist;
				LD_RUNPATH_SEARCH_PATHS = "$(inherited) @executable_path/Frameworks @loader_path/Frameworks";
				PRODUCT_BUNDLE_IDENTIFIER = com.coldmass.FMSimpsonsFanClubTests;
				PRODUCT_NAME = "$(TARGET_NAME)";
				SWIFT_VERSION = 4.0;
				TARGETED_DEVICE_FAMILY = "1,2";
				TEST_HOST = "$(BUILT_PRODUCTS_DIR)/FMSimpsonsFanClub.app/FMSimpsonsFanClub";
			};
			name = Debug;
		};
		5B5E79041FA631BE0050425D /* Release */ = {
			isa = XCBuildConfiguration;
			baseConfigurationReference = 9FA9E04E6D4694AB94D912C7 /* Pods-FMSimpsonsFanClubTests.release.xcconfig */;
			buildSettings = {
				BUNDLE_LOADER = "$(TEST_HOST)";
				CODE_SIGN_STYLE = Automatic;
				DEVELOPMENT_TEAM = V89KTJ3L55;
				INFOPLIST_FILE = FMSimpsonsFanClubTests/Info.plist;
				LD_RUNPATH_SEARCH_PATHS = "$(inherited) @executable_path/Frameworks @loader_path/Frameworks";
				PRODUCT_BUNDLE_IDENTIFIER = com.coldmass.FMSimpsonsFanClubTests;
				PRODUCT_NAME = "$(TARGET_NAME)";
				SWIFT_VERSION = 4.0;
				TARGETED_DEVICE_FAMILY = "1,2";
				TEST_HOST = "$(BUILT_PRODUCTS_DIR)/FMSimpsonsFanClub.app/FMSimpsonsFanClub";
			};
			name = Release;
		};
		5B5E79061FA631BE0050425D /* Debug */ = {
			isa = XCBuildConfiguration;
			baseConfigurationReference = 012250D617DECB8466F3A482 /* Pods-FMSimpsonsFanClubUITests.debug.xcconfig */;
			buildSettings = {
				CODE_SIGN_STYLE = Automatic;
				DEVELOPMENT_TEAM = V89KTJ3L55;
				INFOPLIST_FILE = FMSimpsonsFanClubUITests/Info.plist;
				LD_RUNPATH_SEARCH_PATHS = "$(inherited) @executable_path/Frameworks @loader_path/Frameworks";
				PRODUCT_BUNDLE_IDENTIFIER = com.coldmass.FMSimpsonsFanClubUITests;
				PRODUCT_NAME = "$(TARGET_NAME)";
				SWIFT_VERSION = 4.0;
				TARGETED_DEVICE_FAMILY = "1,2";
				TEST_TARGET_NAME = FMSimpsonsFanClub;
			};
			name = Debug;
		};
		5B5E79071FA631BE0050425D /* Release */ = {
			isa = XCBuildConfiguration;
			baseConfigurationReference = 018AB0476EBA0A940E73C59F /* Pods-FMSimpsonsFanClubUITests.release.xcconfig */;
			buildSettings = {
				CODE_SIGN_STYLE = Automatic;
				DEVELOPMENT_TEAM = V89KTJ3L55;
				INFOPLIST_FILE = FMSimpsonsFanClubUITests/Info.plist;
				LD_RUNPATH_SEARCH_PATHS = "$(inherited) @executable_path/Frameworks @loader_path/Frameworks";
				PRODUCT_BUNDLE_IDENTIFIER = com.coldmass.FMSimpsonsFanClubUITests;
				PRODUCT_NAME = "$(TARGET_NAME)";
				SWIFT_VERSION = 4.0;
				TARGETED_DEVICE_FAMILY = "1,2";
				TEST_TARGET_NAME = FMSimpsonsFanClub;
			};
			name = Release;
		};
/* End XCBuildConfiguration section */

/* Begin XCConfigurationList section */
		5B5E78D21FA631BE0050425D /* Build configuration list for PBXProject "FMSimpsonsFanClub" */ = {
			isa = XCConfigurationList;
			buildConfigurations = (
				5B5E78FD1FA631BE0050425D /* Debug */,
				5B5E78FE1FA631BE0050425D /* Release */,
			);
			defaultConfigurationIsVisible = 0;
			defaultConfigurationName = Release;
		};
		5B5E78FF1FA631BE0050425D /* Build configuration list for PBXNativeTarget "FMSimpsonsFanClub" */ = {
			isa = XCConfigurationList;
			buildConfigurations = (
				5B5E79001FA631BE0050425D /* Debug */,
				5B5E79011FA631BE0050425D /* Release */,
			);
			defaultConfigurationIsVisible = 0;
			defaultConfigurationName = Release;
		};
		5B5E79021FA631BE0050425D /* Build configuration list for PBXNativeTarget "FMSimpsonsFanClubTests" */ = {
			isa = XCConfigurationList;
			buildConfigurations = (
				5B5E79031FA631BE0050425D /* Debug */,
				5B5E79041FA631BE0050425D /* Release */,
			);
			defaultConfigurationIsVisible = 0;
			defaultConfigurationName = Release;
		};
		5B5E79051FA631BE0050425D /* Build configuration list for PBXNativeTarget "FMSimpsonsFanClubUITests" */ = {
			isa = XCConfigurationList;
			buildConfigurations = (
				5B5E79061FA631BE0050425D /* Debug */,
				5B5E79071FA631BE0050425D /* Release */,
			);
			defaultConfigurationIsVisible = 0;
			defaultConfigurationName = Release;
		};
/* End XCConfigurationList section */
	};
	rootObject = 5B5E78CF1FA631BE0050425D /* Project object */;
}
